
Microsoft Visual Studio Solution File, Format Version 12.00
# Visual Studio 15
VisualStudioVersion = 15.0.28307.705
MinimumVisualStudioVersion = 10.0.40219.1
Project("{8BC9CEB8-8B4A-11D0-8D11-00A0C91BC942}") = "AA1_01", "src\AA1_01\AA1_1.vcxproj", "{A14B608C-8E28-456A-8241-08CC68C4FEF9}"
EndProject
Project("{8BC9CEB8-8B4A-11D0-8D11-00A0C91BC942}") = "AA1_02-Test", "src\AA1_02-Test\AA1_02-Test.vcxproj", "{9AF1B670-B7F9-4875-ADF0-D59401FB86C4}"
EndProject
Project("{8BC9CEB8-8B4A-11D0-8D11-00A0C91BC942}") = "AA1_02", "src\AA1_02\AA1_02.vcxproj", "{2F425292-DD61-4221-AA80-CE9950D3B9C8}"
EndProject
Project("{8BC9CEB8-8B4A-11D0-8D11-00A0C91BC942}") = "AA1_02_SDL", "src\AA1_02_SDL\AA1_02_SDL.vcxproj", "{26E8BF07-03C3-4F40-A7A1-285E0F57E5E7}"
EndProject
Project("{8BC9CEB8-8B4A-11D0-8D11-00A0C91BC942}") = "AA1_05", "src\AA1_05\AA1_05.vcxproj", "{99FB9DC9-974F-4027-8AC2-5A7F10092FD7}"
EndProject
Project("{8BC9CEB8-8B4A-11D0-8D11-00A0C91BC942}") = "AA1_05_2", "src\AA1_05_2\AA1_05_2.vcxproj", "{62653511-E0C8-4F7E-8801-E0D21F6FAAE5}"
EndProject
Project("{8BC9CEB8-8B4A-11D0-8D11-00A0C91BC942}") = "Test", "src\Test\Test.vcxproj", "{BEF77272-E4D0-42D2-8EA5-7FA0AB3F5C14}"
EndProject
Project("{8BC9CEB8-8B4A-11D0-8D11-00A0C91BC942}") = "AA1_06", "src\AA1_06\AA1_06.vcxproj", "{78972EC2-CF23-48A2-BFAE-DEF6ADD6B707}"
EndProject
Global
	GlobalSection(SolutionConfigurationPlatforms) = preSolution
		Debug|x64 = Debug|x64
		Debug|x86 = Debug|x86
		Release|x64 = Release|x64
		Release|x86 = Release|x86
	EndGlobalSection
	GlobalSection(ProjectConfigurationPlatforms) = postSolution
		{A14B608C-8E28-456A-8241-08CC68C4FEF9}.Debug|x64.ActiveCfg = Debug|x64
		{A14B608C-8E28-456A-8241-08CC68C4FEF9}.Debug|x64.Build.0 = Debug|x64
		{A14B608C-8E28-456A-8241-08CC68C4FEF9}.Debug|x86.ActiveCfg = Debug|Win32
		{A14B608C-8E28-456A-8241-08CC68C4FEF9}.Debug|x86.Build.0 = Debug|Win32
		{A14B608C-8E28-456A-8241-08CC68C4FEF9}.Release|x64.ActiveCfg = Release|x64
		{A14B608C-8E28-456A-8241-08CC68C4FEF9}.Release|x64.Build.0 = Release|x64
		{A14B608C-8E28-456A-8241-08CC68C4FEF9}.Release|x86.ActiveCfg = Release|Win32
		{A14B608C-8E28-456A-8241-08CC68C4FEF9}.Release|x86.Build.0 = Release|Win32
		{9AF1B670-B7F9-4875-ADF0-D59401FB86C4}.Debug|x64.ActiveCfg = Debug|x64
		{9AF1B670-B7F9-4875-ADF0-D59401FB86C4}.Debug|x64.Build.0 = Debug|x64
		{9AF1B670-B7F9-4875-ADF0-D59401FB86C4}.Debug|x86.ActiveCfg = Debug|Win32
		{9AF1B670-B7F9-4875-ADF0-D59401FB86C4}.Debug|x86.Build.0 = Debug|Win32
		{9AF1B670-B7F9-4875-ADF0-D59401FB86C4}.Release|x64.ActiveCfg = Release|x64
		{9AF1B670-B7F9-4875-ADF0-D59401FB86C4}.Release|x64.Build.0 = Release|x64
		{9AF1B670-B7F9-4875-ADF0-D59401FB86C4}.Release|x86.ActiveCfg = Release|Win32
		{9AF1B670-B7F9-4875-ADF0-D59401FB86C4}.Release|x86.Build.0 = Release|Win32
		{2F425292-DD61-4221-AA80-CE9950D3B9C8}.Debug|x64.ActiveCfg = Debug|x64
		{2F425292-DD61-4221-AA80-CE9950D3B9C8}.Debug|x64.Build.0 = Debug|x64
		{2F425292-DD61-4221-AA80-CE9950D3B9C8}.Debug|x86.ActiveCfg = Debug|Win32
		{2F425292-DD61-4221-AA80-CE9950D3B9C8}.Debug|x86.Build.0 = Debug|Win32
		{2F425292-DD61-4221-AA80-CE9950D3B9C8}.Release|x64.ActiveCfg = Release|x64
		{2F425292-DD61-4221-AA80-CE9950D3B9C8}.Release|x64.Build.0 = Release|x64
		{2F425292-DD61-4221-AA80-CE9950D3B9C8}.Release|x86.ActiveCfg = Release|Win32
		{2F425292-DD61-4221-AA80-CE9950D3B9C8}.Release|x86.Build.0 = Release|Win32
		{26E8BF07-03C3-4F40-A7A1-285E0F57E5E7}.Debug|x64.ActiveCfg = Debug|x64
		{26E8BF07-03C3-4F40-A7A1-285E0F57E5E7}.Debug|x64.Build.0 = Debug|x64
		{26E8BF07-03C3-4F40-A7A1-285E0F57E5E7}.Debug|x86.ActiveCfg = Debug|Win32
		{26E8BF07-03C3-4F40-A7A1-285E0F57E5E7}.Debug|x86.Build.0 = Debug|Win32
		{26E8BF07-03C3-4F40-A7A1-285E0F57E5E7}.Release|x64.ActiveCfg = Release|x64
		{26E8BF07-03C3-4F40-A7A1-285E0F57E5E7}.Release|x64.Build.0 = Release|x64
		{26E8BF07-03C3-4F40-A7A1-285E0F57E5E7}.Release|x86.ActiveCfg = Release|Win32
		{26E8BF07-03C3-4F40-A7A1-285E0F57E5E7}.Release|x86.Build.0 = Release|Win32
		{99FB9DC9-974F-4027-8AC2-5A7F10092FD7}.Debug|x64.ActiveCfg = Debug|x64
		{99FB9DC9-974F-4027-8AC2-5A7F10092FD7}.Debug|x64.Build.0 = Debug|x64
		{99FB9DC9-974F-4027-8AC2-5A7F10092FD7}.Debug|x86.ActiveCfg = Debug|Win32
		{99FB9DC9-974F-4027-8AC2-5A7F10092FD7}.Debug|x86.Build.0 = Debug|Win32
		{99FB9DC9-974F-4027-8AC2-5A7F10092FD7}.Release|x64.ActiveCfg = Release|x64
		{99FB9DC9-974F-4027-8AC2-5A7F10092FD7}.Release|x64.Build.0 = Release|x64
		{99FB9DC9-974F-4027-8AC2-5A7F10092FD7}.Release|x86.ActiveCfg = Release|Win32
		{99FB9DC9-974F-4027-8AC2-5A7F10092FD7}.Release|x86.Build.0 = Release|Win32
		{62653511-E0C8-4F7E-8801-E0D21F6FAAE5}.Debug|x64.ActiveCfg = Debug|x64
		{62653511-E0C8-4F7E-8801-E0D21F6FAAE5}.Debug|x64.Build.0 = Debug|x64
		{62653511-E0C8-4F7E-8801-E0D21F6FAAE5}.Debug|x86.ActiveCfg = Debug|Win32
		{62653511-E0C8-4F7E-8801-E0D21F6FAAE5}.Debug|x86.Build.0 = Debug|Win32
		{62653511-E0C8-4F7E-8801-E0D21F6FAAE5}.Release|x64.ActiveCfg = Release|x64
		{62653511-E0C8-4F7E-8801-E0D21F6FAAE5}.Release|x64.Build.0 = Release|x64
		{62653511-E0C8-4F7E-8801-E0D21F6FAAE5}.Release|x86.ActiveCfg = Release|Win32
		{62653511-E0C8-4F7E-8801-E0D21F6FAAE5}.Release|x86.Build.0 = Release|Win32
		{BEF77272-E4D0-42D2-8EA5-7FA0AB3F5C14}.Debug|x64.ActiveCfg = Debug|x64
		{BEF77272-E4D0-42D2-8EA5-7FA0AB3F5C14}.Debug|x64.Build.0 = Debug|x64
		{BEF77272-E4D0-42D2-8EA5-7FA0AB3F5C14}.Debug|x86.ActiveCfg = Debug|Win32
		{BEF77272-E4D0-42D2-8EA5-7FA0AB3F5C14}.Debug|x86.Build.0 = Debug|Win32
		{BEF77272-E4D0-42D2-8EA5-7FA0AB3F5C14}.Release|x64.ActiveCfg = Release|x64
		{BEF77272-E4D0-42D2-8EA5-7FA0AB3F5C14}.Release|x64.Build.0 = Release|x64
		{BEF77272-E4D0-42D2-8EA5-7FA0AB3F5C14}.Release|x86.ActiveCfg = Release|Win32
		{BEF77272-E4D0-42D2-8EA5-7FA0AB3F5C14}.Release|x86.Build.0 = Release|Win32
		{78972EC2-CF23-48A2-BFAE-DEF6ADD6B707}.Debug|x64.ActiveCfg = Debug|x64
		{78972EC2-CF23-48A2-BFAE-DEF6ADD6B707}.Debug|x64.Build.0 = Debug|x64
		{78972EC2-CF23-48A2-BFAE-DEF6ADD6B707}.Debug|x86.ActiveCfg = Debug|Win32
		{78972EC2-CF23-48A2-BFAE-DEF6ADD6B707}.Debug|x86.Build.0 = Debug|Win32
		{78972EC2-CF23-48A2-BFAE-DEF6ADD6B707}.Release|x64.ActiveCfg = Release|x64
		{78972EC2-CF23-48A2-BFAE-DEF6ADD6B707}.Release|x64.Build.0 = Release|x64
		{78972EC2-CF23-48A2-BFAE-DEF6ADD6B707}.Release|x86.ActiveCfg = Release|Win32
		{78972EC2-CF23-48A2-BFAE-DEF6ADD6B707}.Release|x86.Build.0 = Release|Win32
	EndGlobalSection
	GlobalSection(SolutionProperties) = preSolution
		HideSolutionNode = FALSE
	EndGlobalSection
	GlobalSection(ExtensibilityGlobals) = postSolution
		SolutionGuid = {790F8D9E-45B3-403D-9409-D8814E9E944A}
	EndGlobalSection
EndGlobal
